
Microsoft Visual Studio Solution File, Format Version 12.00
# Visual Studio 15
VisualStudioVersion = 15.0.26430.12
MinimumVisualStudioVersion = 10.0.40219.1
Project("{FAE04EC0-301F-11D3-BF4B-00C04F79EFBC}") = "VehicleStampDuty", "VehicleStampDuty.Mobile\VehicleStampDuty\VehicleStampDuty.csproj", "{6FCCE69F-BA1F-4BF3-A4F8-0C685254C48E}"
EndProject
Project("{FAE04EC0-301F-11D3-BF4B-00C04F79EFBC}") = "VehicleStampDuty.Android", "VehicleStampDuty.Mobile\VehicleStampDuty.Android\VehicleStampDuty.Android.csproj", "{BACBD1EA-D1DF-4B4A-942E-3051219DBEE8}"
EndProject
Project("{FAE04EC0-301F-11D3-BF4B-00C04F79EFBC}") = "VehicleStampDuty.iOS", "VehicleStampDuty.Mobile\VehicleStampDuty.iOS\VehicleStampDuty.iOS.csproj", "{4DDADEA3-8A1D-4E9B-9E86-310E808BF4C9}"
EndProject
Project("{FAE04EC0-301F-11D3-BF4B-00C04F79EFBC}") = "VehicleStampDuty.UWP", "VehicleStampDuty.Mobile\VehicleStampDuty.UWP\VehicleStampDuty.UWP.csproj", "{E83EF42D-D88E-4A45-ADF7-C8797A744C80}"
EndProject
Global
	GlobalSection(SolutionConfigurationPlatforms) = preSolution
		Debug|Any CPU = Debug|Any CPU
		Debug|ARM = Debug|ARM
		Debug|iPhone = Debug|iPhone
		Debug|iPhoneSimulator = Debug|iPhoneSimulator
		Debug|x64 = Debug|x64
		Debug|x86 = Debug|x86
		Release|Any CPU = Release|Any CPU
		Release|ARM = Release|ARM
		Release|iPhone = Release|iPhone
		Release|iPhoneSimulator = Release|iPhoneSimulator
		Release|x64 = Release|x64
		Release|x86 = Release|x86
	EndGlobalSection
	GlobalSection(ProjectConfigurationPlatforms) = postSolution
		{6FCCE69F-BA1F-4BF3-A4F8-0C685254C48E}.Debug|Any CPU.ActiveCfg = Debug|Any CPU
		{6FCCE69F-BA1F-4BF3-A4F8-0C685254C48E}.Debug|Any CPU.Build.0 = Debug|Any CPU
		{6FCCE69F-BA1F-4BF3-A4F8-0C685254C48E}.Debug|ARM.ActiveCfg = Debug|Any CPU
		{6FCCE69F-BA1F-4BF3-A4F8-0C685254C48E}.Debug|ARM.Build.0 = Debug|Any CPU
		{6FCCE69F-BA1F-4BF3-A4F8-0C685254C48E}.Debug|iPhone.ActiveCfg = Debug|Any CPU
		{6FCCE69F-BA1F-4BF3-A4F8-0C685254C48E}.Debug|iPhone.Build.0 = Debug|Any CPU
		{6FCCE69F-BA1F-4BF3-A4F8-0C685254C48E}.Debug|iPhoneSimulator.ActiveCfg = Debug|Any CPU
		{6FCCE69F-BA1F-4BF3-A4F8-0C685254C48E}.Debug|iPhoneSimulator.Build.0 = Debug|Any CPU
		{6FCCE69F-BA1F-4BF3-A4F8-0C685254C48E}.Debug|x64.ActiveCfg = Debug|Any CPU
		{6FCCE69F-BA1F-4BF3-A4F8-0C685254C48E}.Debug|x64.Build.0 = Debug|Any CPU
		{6FCCE69F-BA1F-4BF3-A4F8-0C685254C48E}.Debug|x86.ActiveCfg = Debug|Any CPU
		{6FCCE69F-BA1F-4BF3-A4F8-0C685254C48E}.Debug|x86.Build.0 = Debug|Any CPU
		{6FCCE69F-BA1F-4BF3-A4F8-0C685254C48E}.Release|Any CPU.ActiveCfg = Release|Any CPU
		{6FCCE69F-BA1F-4BF3-A4F8-0C685254C48E}.Release|Any CPU.Build.0 = Release|Any CPU
		{6FCCE69F-BA1F-4BF3-A4F8-0C685254C48E}.Release|ARM.ActiveCfg = Release|Any CPU
		{6FCCE69F-BA1F-4BF3-A4F8-0C685254C48E}.Release|ARM.Build.0 = Release|Any CPU
		{6FCCE69F-BA1F-4BF3-A4F8-0C685254C48E}.Release|iPhone.ActiveCfg = Release|Any CPU
		{6FCCE69F-BA1F-4BF3-A4F8-0C685254C48E}.Release|iPhone.Build.0 = Release|Any CPU
		{6FCCE69F-BA1F-4BF3-A4F8-0C685254C48E}.Release|iPhoneSimulator.ActiveCfg = Release|Any CPU
		{6FCCE69F-BA1F-4BF3-A4F8-0C685254C48E}.Release|iPhoneSimulator.Build.0 = Release|Any CPU
		{6FCCE69F-BA1F-4BF3-A4F8-0C685254C48E}.Release|x64.ActiveCfg = Release|Any CPU
		{6FCCE69F-BA1F-4BF3-A4F8-0C685254C48E}.Release|x64.Build.0 = Release|Any CPU
		{6FCCE69F-BA1F-4BF3-A4F8-0C685254C48E}.Release|x86.ActiveCfg = Release|Any CPU
		{6FCCE69F-BA1F-4BF3-A4F8-0C685254C48E}.Release|x86.Build.0 = Release|Any CPU
		{BACBD1EA-D1DF-4B4A-942E-3051219DBEE8}.Debug|Any CPU.ActiveCfg = Debug|Any CPU
		{BACBD1EA-D1DF-4B4A-942E-3051219DBEE8}.Debug|Any CPU.Build.0 = Debug|Any CPU
		{BACBD1EA-D1DF-4B4A-942E-3051219DBEE8}.Debug|Any CPU.Deploy.0 = Debug|Any CPU
		{BACBD1EA-D1DF-4B4A-942E-3051219DBEE8}.Debug|ARM.ActiveCfg = Debug|Any CPU
		{BACBD1EA-D1DF-4B4A-942E-3051219DBEE8}.Debug|ARM.Build.0 = Debug|Any CPU
		{BACBD1EA-D1DF-4B4A-942E-3051219DBEE8}.Debug|ARM.Deploy.0 = Debug|Any CPU
		{BACBD1EA-D1DF-4B4A-942E-3051219DBEE8}.Debug|iPhone.ActiveCfg = Debug|Any CPU
		{BACBD1EA-D1DF-4B4A-942E-3051219DBEE8}.Debug|iPhone.Build.0 = Debug|Any CPU
		{BACBD1EA-D1DF-4B4A-942E-3051219DBEE8}.Debug|iPhone.Deploy.0 = Debug|Any CPU
		{BACBD1EA-D1DF-4B4A-942E-3051219DBEE8}.Debug|iPhoneSimulator.ActiveCfg = Debug|Any CPU
		{BACBD1EA-D1DF-4B4A-942E-3051219DBEE8}.Debug|iPhoneSimulator.Build.0 = Debug|Any CPU
		{BACBD1EA-D1DF-4B4A-942E-3051219DBEE8}.Debug|iPhoneSimulator.Deploy.0 = Debug|Any CPU
		{BACBD1EA-D1DF-4B4A-942E-3051219DBEE8}.Debug|x64.ActiveCfg = Debug|Any CPU
		{BACBD1EA-D1DF-4B4A-942E-3051219DBEE8}.Debug|x64.Build.0 = Debug|Any CPU
		{BACBD1EA-D1DF-4B4A-942E-3051219DBEE8}.Debug|x64.Deploy.0 = Debug|Any CPU
		{BACBD1EA-D1DF-4B4A-942E-3051219DBEE8}.Debug|x86.ActiveCfg = Debug|Any CPU
		{BACBD1EA-D1DF-4B4A-942E-3051219DBEE8}.Debug|x86.Build.0 = Debug|Any CPU
		{BACBD1EA-D1DF-4B4A-942E-3051219DBEE8}.Debug|x86.Deploy.0 = Debug|Any CPU
		{BACBD1EA-D1DF-4B4A-942E-3051219DBEE8}.Release|Any CPU.ActiveCfg = Release|Any CPU
		{BACBD1EA-D1DF-4B4A-942E-3051219DBEE8}.Release|Any CPU.Build.0 = Release|Any CPU
		{BACBD1EA-D1DF-4B4A-942E-3051219DBEE8}.Release|Any CPU.Deploy.0 = Release|Any CPU
		{BACBD1EA-D1DF-4B4A-942E-3051219DBEE8}.Release|ARM.ActiveCfg = Release|Any CPU
		{BACBD1EA-D1DF-4B4A-942E-3051219DBEE8}.Release|ARM.Build.0 = Release|Any CPU
		{BACBD1EA-D1DF-4B4A-942E-3051219DBEE8}.Release|ARM.Deploy.0 = Release|Any CPU
		{BACBD1EA-D1DF-4B4A-942E-3051219DBEE8}.Release|iPhone.ActiveCfg = Release|Any CPU
		{BACBD1EA-D1DF-4B4A-942E-3051219DBEE8}.Release|iPhone.Build.0 = Release|Any CPU
		{BACBD1EA-D1DF-4B4A-942E-3051219DBEE8}.Release|iPhone.Deploy.0 = Release|Any CPU
		{BACBD1EA-D1DF-4B4A-942E-3051219DBEE8}.Release|iPhoneSimulator.ActiveCfg = Release|Any CPU
		{BACBD1EA-D1DF-4B4A-942E-3051219DBEE8}.Release|iPhoneSimulator.Build.0 = Release|Any CPU
		{BACBD1EA-D1DF-4B4A-942E-3051219DBEE8}.Release|iPhoneSimulator.Deploy.0 = Release|Any CPU
		{BACBD1EA-D1DF-4B4A-942E-3051219DBEE8}.Release|x64.ActiveCfg = Release|Any CPU
		{BACBD1EA-D1DF-4B4A-942E-3051219DBEE8}.Release|x64.Build.0 = Release|Any CPU
		{BACBD1EA-D1DF-4B4A-942E-3051219DBEE8}.Release|x64.Deploy.0 = Release|Any CPU
		{BACBD1EA-D1DF-4B4A-942E-3051219DBEE8}.Release|x86.ActiveCfg = Release|Any CPU
		{BACBD1EA-D1DF-4B4A-942E-3051219DBEE8}.Release|x86.Build.0 = Release|Any CPU
		{BACBD1EA-D1DF-4B4A-942E-3051219DBEE8}.Release|x86.Deploy.0 = Release|Any CPU
		{4DDADEA3-8A1D-4E9B-9E86-310E808BF4C9}.Debug|Any CPU.ActiveCfg = Debug|iPhone
		{4DDADEA3-8A1D-4E9B-9E86-310E808BF4C9}.Debug|ARM.ActiveCfg = Debug|iPhone
		{4DDADEA3-8A1D-4E9B-9E86-310E808BF4C9}.Debug|iPhone.ActiveCfg = Debug|iPhone
		{4DDADEA3-8A1D-4E9B-9E86-310E808BF4C9}.Debug|iPhone.Build.0 = Debug|iPhone
		{4DDADEA3-8A1D-4E9B-9E86-310E808BF4C9}.Debug|iPhoneSimulator.ActiveCfg = Debug|iPhoneSimulator
		{4DDADEA3-8A1D-4E9B-9E86-310E808BF4C9}.Debug|iPhoneSimulator.Build.0 = Debug|iPhoneSimulator
		{4DDADEA3-8A1D-4E9B-9E86-310E808BF4C9}.Debug|x64.ActiveCfg = Debug|iPhone
		{4DDADEA3-8A1D-4E9B-9E86-310E808BF4C9}.Debug|x86.ActiveCfg = Debug|iPhone
		{4DDADEA3-8A1D-4E9B-9E86-310E808BF4C9}.Release|Any CPU.ActiveCfg = Release|iPhone
		{4DDADEA3-8A1D-4E9B-9E86-310E808BF4C9}.Release|ARM.ActiveCfg = Release|iPhone
		{4DDADEA3-8A1D-4E9B-9E86-310E808BF4C9}.Release|iPhone.ActiveCfg = Release|iPhone
		{4DDADEA3-8A1D-4E9B-9E86-310E808BF4C9}.Release|iPhone.Build.0 = Release|iPhone
		{4DDADEA3-8A1D-4E9B-9E86-310E808BF4C9}.Release|iPhoneSimulator.ActiveCfg = Release|iPhoneSimulator
		{4DDADEA3-8A1D-4E9B-9E86-310E808BF4C9}.Release|iPhoneSimulator.Build.0 = Release|iPhoneSimulator
		{4DDADEA3-8A1D-4E9B-9E86-310E808BF4C9}.Release|x64.ActiveCfg = Release|iPhone
		{4DDADEA3-8A1D-4E9B-9E86-310E808BF4C9}.Release|x86.ActiveCfg = Release|iPhone
		{E83EF42D-D88E-4A45-ADF7-C8797A744C80}.Debug|Any CPU.ActiveCfg = Debug|x86
		{E83EF42D-D88E-4A45-ADF7-C8797A744C80}.Debug|ARM.ActiveCfg = Debug|ARM
		{E83EF42D-D88E-4A45-ADF7-C8797A744C80}.Debug|ARM.Build.0 = Debug|ARM
		{E83EF42D-D88E-4A45-ADF7-C8797A744C80}.Debug|ARM.Deploy.0 = Debug|ARM
		{E83EF42D-D88E-4A45-ADF7-C8797A744C80}.Debug|iPhone.ActiveCfg = Debug|x86
		{E83EF42D-D88E-4A45-ADF7-C8797A744C80}.Debug|iPhoneSimulator.ActiveCfg = Debug|x86
		{E83EF42D-D88E-4A45-ADF7-C8797A744C80}.Debug|x64.ActiveCfg = Debug|x64
		{E83EF42D-D88E-4A45-ADF7-C8797A744C80}.Debug|x64.Build.0 = Debug|x64
		{E83EF42D-D88E-4A45-ADF7-C8797A744C80}.Debug|x64.Deploy.0 = Debug|x64
		{E83EF42D-D88E-4A45-ADF7-C8797A744C80}.Debug|x86.ActiveCfg = Debug|x86
		{E83EF42D-D88E-4A45-ADF7-C8797A744C80}.Debug|x86.Build.0 = Debug|x86
		{E83EF42D-D88E-4A45-ADF7-C8797A744C80}.Debug|x86.Deploy.0 = Debug|x86
		{E83EF42D-D88E-4A45-ADF7-C8797A744C80}.Release|Any CPU.ActiveCfg = Release|x86
		{E83EF42D-D88E-4A45-ADF7-C8797A744C80}.Release|ARM.ActiveCfg = Release|ARM
		{E83EF42D-D88E-4A45-ADF7-C8797A744C80}.Release|ARM.Build.0 = Release|ARM
		{E83EF42D-D88E-4A45-ADF7-C8797A744C80}.Release|ARM.Deploy.0 = Release|ARM
		{E83EF42D-D88E-4A45-ADF7-C8797A744C80}.Release|iPhone.ActiveCfg = Release|x86
		{E83EF42D-D88E-4A45-ADF7-C8797A744C80}.Release|iPhoneSimulator.ActiveCfg = Release|x86
		{E83EF42D-D88E-4A45-ADF7-C8797A744C80}.Release|x64.ActiveCfg = Release|x64
		{E83EF42D-D88E-4A45-ADF7-C8797A744C80}.Release|x64.Build.0 = Release|x64
		{E83EF42D-D88E-4A45-ADF7-C8797A744C80}.Release|x64.Deploy.0 = Release|x64
		{E83EF42D-D88E-4A45-ADF7-C8797A744C80}.Release|x86.ActiveCfg = Release|x86
		{E83EF42D-D88E-4A45-ADF7-C8797A744C80}.Release|x86.Build.0 = Release|x86
		{E83EF42D-D88E-4A45-ADF7-C8797A744C80}.Release|x86.Deploy.0 = Release|x86
	EndGlobalSection
	GlobalSection(SolutionProperties) = preSolution
		HideSolutionNode = FALSE
	EndGlobalSection
EndGlobal
